
Microsoft Visual Studio Solution File, Format Version 12.00
# Visual Studio 15
VisualStudioVersion = 15.0.28307.421
MinimumVisualStudioVersion = 10.0.40219.1
Project("{FAE04EC0-301F-11D3-BF4B-00C04F79EFBC}") = "LinqLambda", "LinqLambda\LinqLambda.csproj", "{AB04C901-DE86-4DEA-88BE-193D288A809E}"
EndProject
Global
	GlobalSection(SolutionConfigurationPlatforms) = preSolution
		Debug|Any CPU = Debug|Any CPU
		Release|Any CPU = Release|Any CPU
	EndGlobalSection
	GlobalSection(ProjectConfigurationPlatforms) = postSolution
		{AB04C901-DE86-4DEA-88BE-193D288A809E}.Debug|Any CPU.ActiveCfg = Debug|Any CPU
		{AB04C901-DE86-4DEA-88BE-193D288A809E}.Debug|Any CPU.Build.0 = Debug|Any CPU
		{AB04C901-DE86-4DEA-88BE-193D288A809E}.Release|Any CPU.ActiveCfg = Release|Any CPU
		{AB04C901-DE86-4DEA-88BE-193D288A809E}.Release|Any CPU.Build.0 = Release|Any CPU
	EndGlobalSection
	GlobalSection(SolutionProperties) = preSolution
		HideSolutionNode = FALSE
	EndGlobalSection
	GlobalSection(ExtensibilityGlobals) = postSolution
		SolutionGuid = {BA585235-609A-464D-A12D-F639D3BBA2B8}
	EndGlobalSection
EndGlobal
